// !$*UTF8*$!
{
	archiveVersion = 1;
	classes = {
	};
	objectVersion = 51;
	objects = {

/* Begin PBXBuildFile section */
		3A24E36060F15D3EF94D882A /* Pods_ElectrostaticForceMethod.framework in Frameworks */ = {isa = PBXBuildFile; fileRef = 5013A3408BFC09CAA8199B80 /* Pods_ElectrostaticForceMethod.framework */; };
		42C568A7D78572D60EBD8FAD /* Pods_ElectrostaticForceMethod_ElectrostaticForceMethodUITests.framework in Frameworks */ = {isa = PBXBuildFile; fileRef = B9AC480FF73BC82ADA155544 /* Pods_ElectrostaticForceMethod_ElectrostaticForceMethodUITests.framework */; };
		761610E8238572E100F84ECC /* EfmCalculator.swift in Sources */ = {isa = PBXBuildFile; fileRef = 761610E7238572E100F84ECC /* EfmCalculator.swift */; };
		761610EA238572F600F84ECC /* EfmCalculatorViewModel.swift in Sources */ = {isa = PBXBuildFile; fileRef = 761610E9238572F600F84ECC /* EfmCalculatorViewModel.swift */; };
		762677E2235A168A0079F2F3 /* u3.csv in Resources */ = {isa = PBXBuildFile; fileRef = 762677E1235A16890079F2F3 /* u3.csv */; };
		763624052386DC7D00A9C609 /* CsvParser.swift in Sources */ = {isa = PBXBuildFile; fileRef = 763624042386DC7D00A9C609 /* CsvParser.swift */; };
		7637F3E62316D4E800D8B5F1 /* AppDelegate.swift in Sources */ = {isa = PBXBuildFile; fileRef = 7637F3E52316D4E800D8B5F1 /* AppDelegate.swift */; };
		7637F3E82316D4E800D8B5F1 /* GameScene.sks in Resources */ = {isa = PBXBuildFile; fileRef = 7637F3E72316D4E800D8B5F1 /* GameScene.sks */; };
		7637F3EA2316D4E800D8B5F1 /* Actions.sks in Resources */ = {isa = PBXBuildFile; fileRef = 7637F3E92316D4E800D8B5F1 /* Actions.sks */; };
		7637F3EC2316D4E800D8B5F1 /* GameScene.swift in Sources */ = {isa = PBXBuildFile; fileRef = 7637F3EB2316D4E800D8B5F1 /* GameScene.swift */; };
		7637F3EE2316D4E800D8B5F1 /* GameViewController.swift in Sources */ = {isa = PBXBuildFile; fileRef = 7637F3ED2316D4E800D8B5F1 /* GameViewController.swift */; };
		7637F3F12316D4E800D8B5F1 /* Main.storyboard in Resources */ = {isa = PBXBuildFile; fileRef = 7637F3EF2316D4E800D8B5F1 /* Main.storyboard */; };
		7637F3F32316D4EE00D8B5F1 /* Assets.xcassets in Resources */ = {isa = PBXBuildFile; fileRef = 7637F3F22316D4EE00D8B5F1 /* Assets.xcassets */; };
		7637F3F62316D4EE00D8B5F1 /* LaunchScreen.storyboard in Resources */ = {isa = PBXBuildFile; fileRef = 7637F3F42316D4EE00D8B5F1 /* LaunchScreen.storyboard */; };
		7637F4012316D4EE00D8B5F1 /* ElectrostaticForceMethodTests.swift in Sources */ = {isa = PBXBuildFile; fileRef = 7637F4002316D4EE00D8B5F1 /* ElectrostaticForceMethodTests.swift */; };
		7637F40C2316D4EE00D8B5F1 /* ElectrostaticForceMethodUITests.swift in Sources */ = {isa = PBXBuildFile; fileRef = 7637F40B2316D4EE00D8B5F1 /* ElectrostaticForceMethodUITests.swift */; };
		7637F42C231AC27400D8B5F1 /* GridViewModel.swift in Sources */ = {isa = PBXBuildFile; fileRef = 7637F42B231AC27400D8B5F1 /* GridViewModel.swift */; };
		765A372F2319214C006A9C94 /* u3_fullData.csv in Resources */ = {isa = PBXBuildFile; fileRef = 765A372C2319214C006A9C94 /* u3_fullData.csv */; };
		765A37302319214C006A9C94 /* u1_fullData.csv in Resources */ = {isa = PBXBuildFile; fileRef = 765A372D2319214C006A9C94 /* u1_fullData.csv */; };
		765A37312319214C006A9C94 /* u2_fullData.csv in Resources */ = {isa = PBXBuildFile; fileRef = 765A372E2319214C006A9C94 /* u2_fullData.csv */; };
		765A373523192770006A9C94 /* Feedback.swift in Sources */ = {isa = PBXBuildFile; fileRef = 765A373423192770006A9C94 /* Feedback.swift */; };
		765A373923193ED5006A9C94 /* u1.csv in Resources */ = {isa = PBXBuildFile; fileRef = 765A373823193ED5006A9C94 /* u1.csv */; };
		765A373C23195112006A9C94 /* Logger.swift in Sources */ = {isa = PBXBuildFile; fileRef = 765A373B23195112006A9C94 /* Logger.swift */; };
		7675D4E8235CC2BE005725B4 /* dataLayer.json in Resources */ = {isa = PBXBuildFile; fileRef = 7675D4E7235CC2BE005725B4 /* dataLayer.json */; };
		769064422389C1C10088669A /* EfmPhysicsTests.swift in Sources */ = {isa = PBXBuildFile; fileRef = 769064412389C1C10088669A /* EfmPhysicsTests.swift */; };
		76A51BDB23869ABA00451114 /* AllegroParser.swift in Sources */ = {isa = PBXBuildFile; fileRef = 76A51BDA23869ABA00451114 /* AllegroParser.swift */; };
		76A51BDD23869DF500451114 /* DataParser.swift in Sources */ = {isa = PBXBuildFile; fileRef = 76A51BDC23869DF500451114 /* DataParser.swift */; };
		76A5908623688529002987FB /* MenuViewModel.swift in Sources */ = {isa = PBXBuildFile; fileRef = 76A5908523688529002987FB /* MenuViewModel.swift */; };
		76A59088236C8EFD002987FB /* CGPoint+Extension.swift in Sources */ = {isa = PBXBuildFile; fileRef = 76A59087236C8EFC002987FB /* CGPoint+Extension.swift */; };
		76A59092236DD1D2002987FB /* ShareViewController.swift in Sources */ = {isa = PBXBuildFile; fileRef = 76A59091236DD1D2002987FB /* ShareViewController.swift */; };
		76A59095236DD1D2002987FB /* MainInterface.storyboard in Resources */ = {isa = PBXBuildFile; fileRef = 76A59093236DD1D2002987FB /* MainInterface.storyboard */; };
		76A59099236DD1D2002987FB /* EFMShareExtension.appex in Embed App Extensions */ = {isa = PBXBuildFile; fileRef = 76A5908F236DD1D2002987FB /* EFMShareExtension.appex */; settings = {ATTRIBUTES = (RemoveHeadersOnCopy, ); }; };
		76AD525F2359C68C00558B89 /* Categories.swift in Sources */ = {isa = PBXBuildFile; fileRef = 76AD525E2359C68C00558B89 /* Categories.swift */; };
		76AD52612359E09900558B89 /* test3.csv in Resources */ = {isa = PBXBuildFile; fileRef = 76AD52602359E09900558B89 /* test3.csv */; };
		76CD8B5823579935002D6FBD /* test2.csv in Resources */ = {isa = PBXBuildFile; fileRef = 76CD8B5723579935002D6FBD /* test2.csv */; };
		76EB33D52356239E0008CAF2 /* u2.csv in Resources */ = {isa = PBXBuildFile; fileRef = 76EB33D42356239E0008CAF2 /* u2.csv */; };
		76EB33D7235639930008CAF2 /* TODO.txt in Resources */ = {isa = PBXBuildFile; fileRef = 76EB33D6235639930008CAF2 /* TODO.txt */; };
		76EB340F23572C5A0008CAF2 /* Particle.sks in Resources */ = {isa = PBXBuildFile; fileRef = 76EB340D23572C5A0008CAF2 /* Particle.sks */; };
		76EB341023572C5A0008CAF2 /* Assets.xcassets in Resources */ = {isa = PBXBuildFile; fileRef = 76EB340E23572C5A0008CAF2 /* Assets.xcassets */; };
		76EB3412235731EC0008CAF2 /* FeedbackViewModel.swift in Sources */ = {isa = PBXBuildFile; fileRef = 76EB3411235731EC0008CAF2 /* FeedbackViewModel.swift */; };
		76EB3414235731F80008CAF2 /* Constants.swift in Sources */ = {isa = PBXBuildFile; fileRef = 76EB3413235731F80008CAF2 /* Constants.swift */; };
		76EB3416235791480008CAF2 /* test.csv in Resources */ = {isa = PBXBuildFile; fileRef = 76EB3415235791480008CAF2 /* test.csv */; };
		76EF749C235C3760008FBA75 /* InteresitngSellers in Resources */ = {isa = PBXBuildFile; fileRef = 76EF749B235C3760008FBA75 /* InteresitngSellers */; };
		76EF74A1235C517F008FBA75 /* TestCharge.swift in Sources */ = {isa = PBXBuildFile; fileRef = 76EF74A0235C517F008FBA75 /* TestCharge.swift */; };
		BF189B199C7BE1BD4272D4B3 /* Pods_ElectrostaticForceMethodTests.framework in Frameworks */ = {isa = PBXBuildFile; fileRef = A5533A854744807A44925FFE /* Pods_ElectrostaticForceMethodTests.framework */; };
/* End PBXBuildFile section */

/* Begin PBXContainerItemProxy section */
		7637F3FD2316D4EE00D8B5F1 /* PBXContainerItemProxy */ = {
			isa = PBXContainerItemProxy;
			containerPortal = 7637F3DA2316D4E800D8B5F1 /* Project object */;
			proxyType = 1;
			remoteGlobalIDString = 7637F3E12316D4E800D8B5F1;
			remoteInfo = ElectrostaticForceMethod;
		};
		7637F4082316D4EE00D8B5F1 /* PBXContainerItemProxy */ = {
			isa = PBXContainerItemProxy;
			containerPortal = 7637F3DA2316D4E800D8B5F1 /* Project object */;
			proxyType = 1;
			remoteGlobalIDString = 7637F3E12316D4E800D8B5F1;
			remoteInfo = ElectrostaticForceMethod;
		};
		76A59097236DD1D2002987FB /* PBXContainerItemProxy */ = {
			isa = PBXContainerItemProxy;
			containerPortal = 7637F3DA2316D4E800D8B5F1 /* Project object */;
			proxyType = 1;
			remoteGlobalIDString = 76A5908E236DD1D2002987FB;
			remoteInfo = EFMShareExtension;
		};
/* End PBXContainerItemProxy section */

/* Begin PBXCopyFilesBuildPhase section */
		76A5909A236DD1D2002987FB /* Embed App Extensions */ = {
			isa = PBXCopyFilesBuildPhase;
			buildActionMask = 2147483647;
			dstPath = "";
			dstSubfolderSpec = 13;
			files = (
				76A59099236DD1D2002987FB /* EFMShareExtension.appex in Embed App Extensions */,
			);
			name = "Embed App Extensions";
			runOnlyForDeploymentPostprocessing = 0;
		};
/* End PBXCopyFilesBuildPhase section */

/* Begin PBXFileReference section */
		0F086042CDDC84498796494D /* Pods-ElectrostaticForceMethod-ElectrostaticForceMethodUITests.release.xcconfig */ = {isa = PBXFileReference; includeInIndex = 1; lastKnownFileType = text.xcconfig; name = "Pods-ElectrostaticForceMethod-ElectrostaticForceMethodUITests.release.xcconfig"; path = "Target Support Files/Pods-ElectrostaticForceMethod-ElectrostaticForceMethodUITests/Pods-ElectrostaticForceMethod-ElectrostaticForceMethodUITests.release.xcconfig"; sourceTree = "<group>"; };
		43E78ECA9DCD0CB8BC7BDC13 /* Pods-ElectrostaticForceMethod.release.xcconfig */ = {isa = PBXFileReference; includeInIndex = 1; lastKnownFileType = text.xcconfig; name = "Pods-ElectrostaticForceMethod.release.xcconfig"; path = "Target Support Files/Pods-ElectrostaticForceMethod/Pods-ElectrostaticForceMethod.release.xcconfig"; sourceTree = "<group>"; };
		5013A3408BFC09CAA8199B80 /* Pods_ElectrostaticForceMethod.framework */ = {isa = PBXFileReference; explicitFileType = wrapper.framework; includeInIndex = 0; path = Pods_ElectrostaticForceMethod.framework; sourceTree = BUILT_PRODUCTS_DIR; };
		761610E7238572E100F84ECC /* EfmCalculator.swift */ = {isa = PBXFileReference; lastKnownFileType = sourcecode.swift; path = EfmCalculator.swift; sourceTree = "<group>"; };
		761610E9238572F600F84ECC /* EfmCalculatorViewModel.swift */ = {isa = PBXFileReference; lastKnownFileType = sourcecode.swift; path = EfmCalculatorViewModel.swift; sourceTree = "<group>"; };
		762677E1235A16890079F2F3 /* u3.csv */ = {isa = PBXFileReference; fileEncoding = 4; lastKnownFileType = text; path = u3.csv; sourceTree = "<group>"; };
		763624042386DC7D00A9C609 /* CsvParser.swift */ = {isa = PBXFileReference; lastKnownFileType = sourcecode.swift; path = CsvParser.swift; sourceTree = "<group>"; };
		7637F3E22316D4E800D8B5F1 /* ElectrostaticForceMethod.app */ = {isa = PBXFileReference; explicitFileType = wrapper.application; includeInIndex = 0; path = ElectrostaticForceMethod.app; sourceTree = BUILT_PRODUCTS_DIR; };
		7637F3E52316D4E800D8B5F1 /* AppDelegate.swift */ = {isa = PBXFileReference; lastKnownFileType = sourcecode.swift; path = AppDelegate.swift; sourceTree = "<group>"; };
		7637F3E72316D4E800D8B5F1 /* GameScene.sks */ = {isa = PBXFileReference; lastKnownFileType = file.sks; path = GameScene.sks; sourceTree = "<group>"; };
		7637F3E92316D4E800D8B5F1 /* Actions.sks */ = {isa = PBXFileReference; lastKnownFileType = file.sks; path = Actions.sks; sourceTree = "<group>"; };
		7637F3EB2316D4E800D8B5F1 /* GameScene.swift */ = {isa = PBXFileReference; lastKnownFileType = sourcecode.swift; path = GameScene.swift; sourceTree = "<group>"; };
		7637F3ED2316D4E800D8B5F1 /* GameViewController.swift */ = {isa = PBXFileReference; lastKnownFileType = sourcecode.swift; path = GameViewController.swift; sourceTree = "<group>"; };
		7637F3F02316D4E800D8B5F1 /* Base */ = {isa = PBXFileReference; lastKnownFileType = file.storyboard; name = Base; path = Base.lproj/Main.storyboard; sourceTree = "<group>"; };
		7637F3F22316D4EE00D8B5F1 /* Assets.xcassets */ = {isa = PBXFileReference; lastKnownFileType = folder.assetcatalog; path = Assets.xcassets; sourceTree = "<group>"; };
		7637F3F52316D4EE00D8B5F1 /* Base */ = {isa = PBXFileReference; lastKnownFileType = file.storyboard; name = Base; path = Base.lproj/LaunchScreen.storyboard; sourceTree = "<group>"; };
		7637F3F72316D4EE00D8B5F1 /* Info.plist */ = {isa = PBXFileReference; lastKnownFileType = text.plist.xml; path = Info.plist; sourceTree = "<group>"; };
		7637F3FC2316D4EE00D8B5F1 /* ElectrostaticForceMethodTests.xctest */ = {isa = PBXFileReference; explicitFileType = wrapper.cfbundle; includeInIndex = 0; path = ElectrostaticForceMethodTests.xctest; sourceTree = BUILT_PRODUCTS_DIR; };
		7637F4002316D4EE00D8B5F1 /* ElectrostaticForceMethodTests.swift */ = {isa = PBXFileReference; lastKnownFileType = sourcecode.swift; path = ElectrostaticForceMethodTests.swift; sourceTree = "<group>"; };
		7637F4022316D4EE00D8B5F1 /* Info.plist */ = {isa = PBXFileReference; lastKnownFileType = text.plist.xml; path = Info.plist; sourceTree = "<group>"; };
		7637F4072316D4EE00D8B5F1 /* ElectrostaticForceMethodUITests.xctest */ = {isa = PBXFileReference; explicitFileType = wrapper.cfbundle; includeInIndex = 0; path = ElectrostaticForceMethodUITests.xctest; sourceTree = BUILT_PRODUCTS_DIR; };
		7637F40B2316D4EE00D8B5F1 /* ElectrostaticForceMethodUITests.swift */ = {isa = PBXFileReference; lastKnownFileType = sourcecode.swift; path = ElectrostaticForceMethodUITests.swift; sourceTree = "<group>"; };
		7637F40D2316D4EE00D8B5F1 /* Info.plist */ = {isa = PBXFileReference; lastKnownFileType = text.plist.xml; path = Info.plist; sourceTree = "<group>"; };
		7637F42B231AC27400D8B5F1 /* GridViewModel.swift */ = {isa = PBXFileReference; lastKnownFileType = sourcecode.swift; path = GridViewModel.swift; sourceTree = "<group>"; };
		765A372C2319214C006A9C94 /* u3_fullData.csv */ = {isa = PBXFileReference; fileEncoding = 4; lastKnownFileType = text; path = u3_fullData.csv; sourceTree = "<group>"; };
		765A372D2319214C006A9C94 /* u1_fullData.csv */ = {isa = PBXFileReference; fileEncoding = 4; lastKnownFileType = text; path = u1_fullData.csv; sourceTree = "<group>"; };
		765A372E2319214C006A9C94 /* u2_fullData.csv */ = {isa = PBXFileReference; fileEncoding = 4; lastKnownFileType = text; path = u2_fullData.csv; sourceTree = "<group>"; };
		765A373423192770006A9C94 /* Feedback.swift */ = {isa = PBXFileReference; lastKnownFileType = sourcecode.swift; path = Feedback.swift; sourceTree = "<group>"; };
		765A373823193ED5006A9C94 /* u1.csv */ = {isa = PBXFileReference; fileEncoding = 4; lastKnownFileType = text; path = u1.csv; sourceTree = "<group>"; };
		765A373B23195112006A9C94 /* Logger.swift */ = {isa = PBXFileReference; fileEncoding = 4; lastKnownFileType = sourcecode.swift; path = Logger.swift; sourceTree = "<group>"; };
		7675D4E7235CC2BE005725B4 /* dataLayer.json */ = {isa = PBXFileReference; lastKnownFileType = text.json; path = dataLayer.json; sourceTree = "<group>"; };
		769064412389C1C10088669A /* EfmPhysicsTests.swift */ = {isa = PBXFileReference; lastKnownFileType = sourcecode.swift; path = EfmPhysicsTests.swift; sourceTree = "<group>"; };
		76A51BDA23869ABA00451114 /* AllegroParser.swift */ = {isa = PBXFileReference; lastKnownFileType = sourcecode.swift; path = AllegroParser.swift; sourceTree = "<group>"; };
		76A51BDC23869DF500451114 /* DataParser.swift */ = {isa = PBXFileReference; lastKnownFileType = sourcecode.swift; path = DataParser.swift; sourceTree = "<group>"; };
		76A5908523688529002987FB /* MenuViewModel.swift */ = {isa = PBXFileReference; lastKnownFileType = sourcecode.swift; path = MenuViewModel.swift; sourceTree = "<group>"; };
		76A59087236C8EFC002987FB /* CGPoint+Extension.swift */ = {isa = PBXFileReference; lastKnownFileType = sourcecode.swift; path = "CGPoint+Extension.swift"; sourceTree = "<group>"; };
		76A5908F236DD1D2002987FB /* EFMShareExtension.appex */ = {isa = PBXFileReference; explicitFileType = "wrapper.app-extension"; includeInIndex = 0; path = EFMShareExtension.appex; sourceTree = BUILT_PRODUCTS_DIR; };
		76A59091236DD1D2002987FB /* ShareViewController.swift */ = {isa = PBXFileReference; lastKnownFileType = sourcecode.swift; path = ShareViewController.swift; sourceTree = "<group>"; };
		76A59094236DD1D2002987FB /* Base */ = {isa = PBXFileReference; lastKnownFileType = file.storyboard; name = Base; path = Base.lproj/MainInterface.storyboard; sourceTree = "<group>"; };
		76A59096236DD1D2002987FB /* Info.plist */ = {isa = PBXFileReference; lastKnownFileType = text.plist.xml; path = Info.plist; sourceTree = "<group>"; };
		76A5909E236DD64C002987FB /* ElectrostaticForceMethod.entitlements */ = {isa = PBXFileReference; lastKnownFileType = text.plist.entitlements; path = ElectrostaticForceMethod.entitlements; sourceTree = "<group>"; };
		76A5909F236DD683002987FB /* EFMShareExtension.entitlements */ = {isa = PBXFileReference; lastKnownFileType = text.plist.entitlements; path = EFMShareExtension.entitlements; sourceTree = "<group>"; };
		76AD525E2359C68C00558B89 /* Categories.swift */ = {isa = PBXFileReference; lastKnownFileType = sourcecode.swift; path = Categories.swift; sourceTree = "<group>"; };
		76AD52602359E09900558B89 /* test3.csv */ = {isa = PBXFileReference; fileEncoding = 4; lastKnownFileType = text; path = test3.csv; sourceTree = "<group>"; };
		76CD8B5723579935002D6FBD /* test2.csv */ = {isa = PBXFileReference; fileEncoding = 4; lastKnownFileType = text; path = test2.csv; sourceTree = "<group>"; };
		76EB33D42356239E0008CAF2 /* u2.csv */ = {isa = PBXFileReference; fileEncoding = 4; lastKnownFileType = text; path = u2.csv; sourceTree = "<group>"; };
		76EB33D6235639930008CAF2 /* TODO.txt */ = {isa = PBXFileReference; lastKnownFileType = text; path = TODO.txt; sourceTree = "<group>"; };
		76EB340D23572C5A0008CAF2 /* Particle.sks */ = {isa = PBXFileReference; lastKnownFileType = file.sks; path = Particle.sks; sourceTree = "<group>"; };
		76EB340E23572C5A0008CAF2 /* Assets.xcassets */ = {isa = PBXFileReference; lastKnownFileType = folder.assetcatalog; path = Assets.xcassets; sourceTree = "<group>"; };
		76EB3411235731EC0008CAF2 /* FeedbackViewModel.swift */ = {isa = PBXFileReference; lastKnownFileType = sourcecode.swift; path = FeedbackViewModel.swift; sourceTree = "<group>"; };
		76EB3413235731F80008CAF2 /* Constants.swift */ = {isa = PBXFileReference; lastKnownFileType = sourcecode.swift; path = Constants.swift; sourceTree = "<group>"; };
		76EB3415235791480008CAF2 /* test.csv */ = {isa = PBXFileReference; fileEncoding = 4; lastKnownFileType = text; path = test.csv; sourceTree = "<group>"; };
		76EF749B235C3760008FBA75 /* InteresitngSellers */ = {isa = PBXFileReference; lastKnownFileType = text; path = InteresitngSellers; sourceTree = "<group>"; };
		76EF74A0235C517F008FBA75 /* TestCharge.swift */ = {isa = PBXFileReference; lastKnownFileType = sourcecode.swift; path = TestCharge.swift; sourceTree = "<group>"; };
		8BD5068E3D13DE7972A0C21E /* Pods-ElectrostaticForceMethodTests.debug.xcconfig */ = {isa = PBXFileReference; includeInIndex = 1; lastKnownFileType = text.xcconfig; name = "Pods-ElectrostaticForceMethodTests.debug.xcconfig"; path = "Target Support Files/Pods-ElectrostaticForceMethodTests/Pods-ElectrostaticForceMethodTests.debug.xcconfig"; sourceTree = "<group>"; };
		9B6B4C55D1E5D4E57321FF68 /* Pods-ElectrostaticForceMethod-ElectrostaticForceMethodUITests.debug.xcconfig */ = {isa = PBXFileReference; includeInIndex = 1; lastKnownFileType = text.xcconfig; name = "Pods-ElectrostaticForceMethod-ElectrostaticForceMethodUITests.debug.xcconfig"; path = "Target Support Files/Pods-ElectrostaticForceMethod-ElectrostaticForceMethodUITests/Pods-ElectrostaticForceMethod-ElectrostaticForceMethodUITests.debug.xcconfig"; sourceTree = "<group>"; };
		A5533A854744807A44925FFE /* Pods_ElectrostaticForceMethodTests.framework */ = {isa = PBXFileReference; explicitFileType = wrapper.framework; includeInIndex = 0; path = Pods_ElectrostaticForceMethodTests.framework; sourceTree = BUILT_PRODUCTS_DIR; };
		B9AC480FF73BC82ADA155544 /* Pods_ElectrostaticForceMethod_ElectrostaticForceMethodUITests.framework */ = {isa = PBXFileReference; explicitFileType = wrapper.framework; includeInIndex = 0; path = Pods_ElectrostaticForceMethod_ElectrostaticForceMethodUITests.framework; sourceTree = BUILT_PRODUCTS_DIR; };
		BFE721D6B85C1156CE450DD2 /* Pods-ElectrostaticForceMethod.debug.xcconfig */ = {isa = PBXFileReference; includeInIndex = 1; lastKnownFileType = text.xcconfig; name = "Pods-ElectrostaticForceMethod.debug.xcconfig"; path = "Target Support Files/Pods-ElectrostaticForceMethod/Pods-ElectrostaticForceMethod.debug.xcconfig"; sourceTree = "<group>"; };
		EDF08809B9E4804D0AC0F87D /* Pods-ElectrostaticForceMethodTests.release.xcconfig */ = {isa = PBXFileReference; includeInIndex = 1; lastKnownFileType = text.xcconfig; name = "Pods-ElectrostaticForceMethodTests.release.xcconfig"; path = "Target Support Files/Pods-ElectrostaticForceMethodTests/Pods-ElectrostaticForceMethodTests.release.xcconfig"; sourceTree = "<group>"; };
/* End PBXFileReference section */

/* Begin PBXFrameworksBuildPhase section */
		7637F3DF2316D4E800D8B5F1 /* Frameworks */ = {
			isa = PBXFrameworksBuildPhase;
			buildActionMask = 2147483647;
			files = (
				3A24E36060F15D3EF94D882A /* Pods_ElectrostaticForceMethod.framework in Frameworks */,
			);
			runOnlyForDeploymentPostprocessing = 0;
		};
		7637F3F92316D4EE00D8B5F1 /* Frameworks */ = {
			isa = PBXFrameworksBuildPhase;
			buildActionMask = 2147483647;
			files = (
				BF189B199C7BE1BD4272D4B3 /* Pods_ElectrostaticForceMethodTests.framework in Frameworks */,
			);
			runOnlyForDeploymentPostprocessing = 0;
		};
		7637F4042316D4EE00D8B5F1 /* Frameworks */ = {
			isa = PBXFrameworksBuildPhase;
			buildActionMask = 2147483647;
			files = (
				42C568A7D78572D60EBD8FAD /* Pods_ElectrostaticForceMethod_ElectrostaticForceMethodUITests.framework in Frameworks */,
			);
			runOnlyForDeploymentPostprocessing = 0;
		};
		76A5908C236DD1D2002987FB /* Frameworks */ = {
			isa = PBXFrameworksBuildPhase;
			buildActionMask = 2147483647;
			files = (
			);
			runOnlyForDeploymentPostprocessing = 0;
		};
/* End PBXFrameworksBuildPhase section */

/* Begin PBXGroup section */
		18A315F260E05D045D0151B2 /* Pods */ = {
			isa = PBXGroup;
			children = (
				BFE721D6B85C1156CE450DD2 /* Pods-ElectrostaticForceMethod.debug.xcconfig */,
				43E78ECA9DCD0CB8BC7BDC13 /* Pods-ElectrostaticForceMethod.release.xcconfig */,
				9B6B4C55D1E5D4E57321FF68 /* Pods-ElectrostaticForceMethod-ElectrostaticForceMethodUITests.debug.xcconfig */,
				0F086042CDDC84498796494D /* Pods-ElectrostaticForceMethod-ElectrostaticForceMethodUITests.release.xcconfig */,
				8BD5068E3D13DE7972A0C21E /* Pods-ElectrostaticForceMethodTests.debug.xcconfig */,
				EDF08809B9E4804D0AC0F87D /* Pods-ElectrostaticForceMethodTests.release.xcconfig */,
			);
			path = Pods;
			sourceTree = "<group>";
		};
		7637F3D92316D4E800D8B5F1 = {
			isa = PBXGroup;
			children = (
				7637F3E42316D4E800D8B5F1 /* ElectrostaticForceMethod */,
				7637F3FF2316D4EE00D8B5F1 /* ElectrostaticForceMethodTests */,
				7637F40A2316D4EE00D8B5F1 /* ElectrostaticForceMethodUITests */,
				76A59090236DD1D2002987FB /* EFMShareExtension */,
				7637F3E32316D4E800D8B5F1 /* Products */,
				18A315F260E05D045D0151B2 /* Pods */,
				7BC6F053A4FEC58C0752B72F /* Frameworks */,
			);
			sourceTree = "<group>";
		};
		7637F3E32316D4E800D8B5F1 /* Products */ = {
			isa = PBXGroup;
			children = (
				7637F3E22316D4E800D8B5F1 /* ElectrostaticForceMethod.app */,
				7637F3FC2316D4EE00D8B5F1 /* ElectrostaticForceMethodTests.xctest */,
				7637F4072316D4EE00D8B5F1 /* ElectrostaticForceMethodUITests.xctest */,
				76A5908F236DD1D2002987FB /* EFMShareExtension.appex */,
			);
			name = Products;
			sourceTree = "<group>";
		};
		7637F3E42316D4E800D8B5F1 /* ElectrostaticForceMethod */ = {
			isa = PBXGroup;
			children = (
				76A5909E236DD64C002987FB /* ElectrostaticForceMethod.entitlements */,
				765A373A231950C4006A9C94 /* Common */,
				7637F428231AB9FC00D8B5F1 /* Controllers */,
				76A51BD923869A9400451114 /* DataParsers */,
				76EB33D92356524C0008CAF2 /* Effects */,
				7637F429231ABA8F00D8B5F1 /* GameScene */,
				765A373323192753006A9C94 /* Models */,
				765A372B231920E7006A9C94 /* TestData */,
				76EB33D8235652320008CAF2 /* View */,
				7637F42A231AC24C00D8B5F1 /* ViewModels */,
				7637F3E52316D4E800D8B5F1 /* AppDelegate.swift */,
				7637F3F22316D4EE00D8B5F1 /* Assets.xcassets */,
				7637F3F72316D4EE00D8B5F1 /* Info.plist */,
				76EB33D6235639930008CAF2 /* TODO.txt */,
			);
			path = ElectrostaticForceMethod;
			sourceTree = "<group>";
		};
		7637F3FF2316D4EE00D8B5F1 /* ElectrostaticForceMethodTests */ = {
			isa = PBXGroup;
			children = (
				769064412389C1C10088669A /* EfmPhysicsTests.swift */,
				7637F4002316D4EE00D8B5F1 /* ElectrostaticForceMethodTests.swift */,
				7637F4022316D4EE00D8B5F1 /* Info.plist */,
			);
			path = ElectrostaticForceMethodTests;
			sourceTree = "<group>";
		};
		7637F40A2316D4EE00D8B5F1 /* ElectrostaticForceMethodUITests */ = {
			isa = PBXGroup;
			children = (
				7637F40B2316D4EE00D8B5F1 /* ElectrostaticForceMethodUITests.swift */,
				7637F40D2316D4EE00D8B5F1 /* Info.plist */,
			);
			path = ElectrostaticForceMethodUITests;
			sourceTree = "<group>";
		};
		7637F428231AB9FC00D8B5F1 /* Controllers */ = {
			isa = PBXGroup;
			children = (
				7637F3ED2316D4E800D8B5F1 /* GameViewController.swift */,
			);
			path = Controllers;
			sourceTree = "<group>";
		};
		7637F429231ABA8F00D8B5F1 /* GameScene */ = {
			isa = PBXGroup;
			children = (
				7637F3E72316D4E800D8B5F1 /* GameScene.sks */,
				7637F3E92316D4E800D8B5F1 /* Actions.sks */,
				7637F3EB2316D4E800D8B5F1 /* GameScene.swift */,
			);
			path = GameScene;
			sourceTree = "<group>";
		};
		7637F42A231AC24C00D8B5F1 /* ViewModels */ = {
			isa = PBXGroup;
			children = (
				7637F42B231AC27400D8B5F1 /* GridViewModel.swift */,
				76EB3411235731EC0008CAF2 /* FeedbackViewModel.swift */,
				76A5908523688529002987FB /* MenuViewModel.swift */,
				761610E9238572F600F84ECC /* EfmCalculatorViewModel.swift */,
			);
			path = ViewModels;
			sourceTree = "<group>";
		};
		765A372B231920E7006A9C94 /* TestData */ = {
			isa = PBXGroup;
			children = (
				76EB33D42356239E0008CAF2 /* u2.csv */,
				76EB3415235791480008CAF2 /* test.csv */,
				76CD8B5723579935002D6FBD /* test2.csv */,
				76AD52602359E09900558B89 /* test3.csv */,
				765A373823193ED5006A9C94 /* u1.csv */,
				762677E1235A16890079F2F3 /* u3.csv */,
				765A372D2319214C006A9C94 /* u1_fullData.csv */,
				765A372E2319214C006A9C94 /* u2_fullData.csv */,
				765A372C2319214C006A9C94 /* u3_fullData.csv */,
				76EF749B235C3760008FBA75 /* InteresitngSellers */,
				7675D4E7235CC2BE005725B4 /* dataLayer.json */,
			);
			path = TestData;
			sourceTree = "<group>";
		};
		765A373323192753006A9C94 /* Models */ = {
			isa = PBXGroup;
			children = (
				765A373423192770006A9C94 /* Feedback.swift */,
				76AD525E2359C68C00558B89 /* Categories.swift */,
				76EF74A0235C517F008FBA75 /* TestCharge.swift */,
				761610E7238572E100F84ECC /* EfmCalculator.swift */,
			);
			path = Models;
			sourceTree = "<group>";
		};
		765A373A231950C4006A9C94 /* Common */ = {
			isa = PBXGroup;
			children = (
				765A373B23195112006A9C94 /* Logger.swift */,
				76EB3413235731F80008CAF2 /* Constants.swift */,
				76A59087236C8EFC002987FB /* CGPoint+Extension.swift */,
			);
			path = Common;
			sourceTree = "<group>";
		};
		76A51BD923869A9400451114 /* DataParsers */ = {
			isa = PBXGroup;
			children = (
				76A51BDA23869ABA00451114 /* AllegroParser.swift */,
				76A51BDC23869DF500451114 /* DataParser.swift */,
				763624042386DC7D00A9C609 /* CsvParser.swift */,
			);
			path = DataParsers;
			sourceTree = "<group>";
		};
		76A59090236DD1D2002987FB /* EFMShareExtension */ = {
			isa = PBXGroup;
			children = (
				76A5909F236DD683002987FB /* EFMShareExtension.entitlements */,
				76A59091236DD1D2002987FB /* ShareViewController.swift */,
				76A59093236DD1D2002987FB /* MainInterface.storyboard */,
				76A59096236DD1D2002987FB /* Info.plist */,
			);
			path = EFMShareExtension;
			sourceTree = "<group>";
		};
		76EB33D8235652320008CAF2 /* View */ = {
			isa = PBXGroup;
			children = (
				7637F3EF2316D4E800D8B5F1 /* Main.storyboard */,
				7637F3F42316D4EE00D8B5F1 /* LaunchScreen.storyboard */,
			);
			path = View;
			sourceTree = "<group>";
		};
		76EB33D92356524C0008CAF2 /* Effects */ = {
			isa = PBXGroup;
			children = (
				76EB340D23572C5A0008CAF2 /* Particle.sks */,
				76EB340E23572C5A0008CAF2 /* Assets.xcassets */,
			);
			path = Effects;
			sourceTree = "<group>";
		};
		7BC6F053A4FEC58C0752B72F /* Frameworks */ = {
			isa = PBXGroup;
			children = (
				5013A3408BFC09CAA8199B80 /* Pods_ElectrostaticForceMethod.framework */,
				B9AC480FF73BC82ADA155544 /* Pods_ElectrostaticForceMethod_ElectrostaticForceMethodUITests.framework */,
				A5533A854744807A44925FFE /* Pods_ElectrostaticForceMethodTests.framework */,
			);
			name = Frameworks;
			sourceTree = "<group>";
		};
/* End PBXGroup section */

/* Begin PBXNativeTarget section */
		7637F3E12316D4E800D8B5F1 /* ElectrostaticForceMethod */ = {
			isa = PBXNativeTarget;
			buildConfigurationList = 7637F4102316D4EE00D8B5F1 /* Build configuration list for PBXNativeTarget "ElectrostaticForceMethod" */;
			buildPhases = (
				1638896AEF60193128A874EE /* [CP] Check Pods Manifest.lock */,
				7637F3DE2316D4E800D8B5F1 /* Sources */,
				7637F3DF2316D4E800D8B5F1 /* Frameworks */,
				7637F3E02316D4E800D8B5F1 /* Resources */,
				BCA6B88C72BE40663F26B3AC /* [CP] Embed Pods Frameworks */,
				76A5909A236DD1D2002987FB /* Embed App Extensions */,
			);
			buildRules = (
			);
			dependencies = (
				76A59098236DD1D2002987FB /* PBXTargetDependency */,
			);
			name = ElectrostaticForceMethod;
			productName = ElectrostaticForceMethod;
			productReference = 7637F3E22316D4E800D8B5F1 /* ElectrostaticForceMethod.app */;
			productType = "com.apple.product-type.application";
		};
		7637F3FB2316D4EE00D8B5F1 /* ElectrostaticForceMethodTests */ = {
			isa = PBXNativeTarget;
			buildConfigurationList = 7637F4132316D4EE00D8B5F1 /* Build configuration list for PBXNativeTarget "ElectrostaticForceMethodTests" */;
			buildPhases = (
				E7FF72D460BB36B4F590267D /* [CP] Check Pods Manifest.lock */,
				7637F3F82316D4EE00D8B5F1 /* Sources */,
				7637F3F92316D4EE00D8B5F1 /* Frameworks */,
				7637F3FA2316D4EE00D8B5F1 /* Resources */,
				9731380C805C0D34612CAB98 /* [CP] Embed Pods Frameworks */,
			);
			buildRules = (
			);
			dependencies = (
				7637F3FE2316D4EE00D8B5F1 /* PBXTargetDependency */,
			);
			name = ElectrostaticForceMethodTests;
			productName = ElectrostaticForceMethodTests;
			productReference = 7637F3FC2316D4EE00D8B5F1 /* ElectrostaticForceMethodTests.xctest */;
			productType = "com.apple.product-type.bundle.unit-test";
		};
		7637F4062316D4EE00D8B5F1 /* ElectrostaticForceMethodUITests */ = {
			isa = PBXNativeTarget;
			buildConfigurationList = 7637F4162316D4EE00D8B5F1 /* Build configuration list for PBXNativeTarget "ElectrostaticForceMethodUITests" */;
			buildPhases = (
				E9BD34F21519571093F382FF /* [CP] Check Pods Manifest.lock */,
				7637F4032316D4EE00D8B5F1 /* Sources */,
				7637F4042316D4EE00D8B5F1 /* Frameworks */,
				7637F4052316D4EE00D8B5F1 /* Resources */,
				FCA06E043DD252353B27D9F8 /* [CP] Embed Pods Frameworks */,
			);
			buildRules = (
			);
			dependencies = (
				7637F4092316D4EE00D8B5F1 /* PBXTargetDependency */,
			);
			name = ElectrostaticForceMethodUITests;
			productName = ElectrostaticForceMethodUITests;
			productReference = 7637F4072316D4EE00D8B5F1 /* ElectrostaticForceMethodUITests.xctest */;
			productType = "com.apple.product-type.bundle.ui-testing";
		};
		76A5908E236DD1D2002987FB /* EFMShareExtension */ = {
			isa = PBXNativeTarget;
			buildConfigurationList = 76A5909D236DD1D2002987FB /* Build configuration list for PBXNativeTarget "EFMShareExtension" */;
			buildPhases = (
				76A5908B236DD1D2002987FB /* Sources */,
				76A5908C236DD1D2002987FB /* Frameworks */,
				76A5908D236DD1D2002987FB /* Resources */,
			);
			buildRules = (
			);
			dependencies = (
			);
			name = EFMShareExtension;
			productName = EFMShareExtension;
			productReference = 76A5908F236DD1D2002987FB /* EFMShareExtension.appex */;
			productType = "com.apple.product-type.app-extension";
		};
/* End PBXNativeTarget section */

/* Begin PBXProject section */
		7637F3DA2316D4E800D8B5F1 /* Project object */ = {
			isa = PBXProject;
			attributes = {
				LastSwiftUpdateCheck = 1110;
				LastUpgradeCheck = 1020;
				ORGANIZATIONNAME = konrri;
				TargetAttributes = {
					7637F3E12316D4E800D8B5F1 = {
						CreatedOnToolsVersion = 10.2.1;
					};
					7637F3FB2316D4EE00D8B5F1 = {
						CreatedOnToolsVersion = 10.2.1;
						TestTargetID = 7637F3E12316D4E800D8B5F1;
					};
					7637F4062316D4EE00D8B5F1 = {
						CreatedOnToolsVersion = 10.2.1;
						TestTargetID = 7637F3E12316D4E800D8B5F1;
					};
					76A5908E236DD1D2002987FB = {
						CreatedOnToolsVersion = 11.1;
					};
				};
			};
			buildConfigurationList = 7637F3DD2316D4E800D8B5F1 /* Build configuration list for PBXProject "ElectrostaticForceMethod" */;
			compatibilityVersion = "Xcode 9.3";
			developmentRegion = en;
			hasScannedForEncodings = 0;
			knownRegions = (
				en,
				Base,
			);
			mainGroup = 7637F3D92316D4E800D8B5F1;
			productRefGroup = 7637F3E32316D4E800D8B5F1 /* Products */;
			projectDirPath = "";
			projectRoot = "";
			targets = (
				7637F3E12316D4E800D8B5F1 /* ElectrostaticForceMethod */,
				7637F3FB2316D4EE00D8B5F1 /* ElectrostaticForceMethodTests */,
				7637F4062316D4EE00D8B5F1 /* ElectrostaticForceMethodUITests */,
				76A5908E236DD1D2002987FB /* EFMShareExtension */,
			);
		};
/* End PBXProject section */

/* Begin PBXResourcesBuildPhase section */
		7637F3E02316D4E800D8B5F1 /* Resources */ = {
			isa = PBXResourcesBuildPhase;
			buildActionMask = 2147483647;
			files = (
				76EF749C235C3760008FBA75 /* InteresitngSellers in Resources */,
				7637F3F12316D4E800D8B5F1 /* Main.storyboard in Resources */,
				7637F3E82316D4E800D8B5F1 /* GameScene.sks in Resources */,
				7637F3F32316D4EE00D8B5F1 /* Assets.xcassets in Resources */,
				765A373923193ED5006A9C94 /* u1.csv in Resources */,
				7637F3F62316D4EE00D8B5F1 /* LaunchScreen.storyboard in Resources */,
				76CD8B5823579935002D6FBD /* test2.csv in Resources */,
				76AD52612359E09900558B89 /* test3.csv in Resources */,
				76EB33D7235639930008CAF2 /* TODO.txt in Resources */,
				76EB341023572C5A0008CAF2 /* Assets.xcassets in Resources */,
				762677E2235A168A0079F2F3 /* u3.csv in Resources */,
				76EB33D52356239E0008CAF2 /* u2.csv in Resources */,
				76EB340F23572C5A0008CAF2 /* Particle.sks in Resources */,
				765A37302319214C006A9C94 /* u1_fullData.csv in Resources */,
				765A372F2319214C006A9C94 /* u3_fullData.csv in Resources */,
				7637F3EA2316D4E800D8B5F1 /* Actions.sks in Resources */,
				7675D4E8235CC2BE005725B4 /* dataLayer.json in Resources */,
				76EB3416235791480008CAF2 /* test.csv in Resources */,
				765A37312319214C006A9C94 /* u2_fullData.csv in Resources */,
			);
			runOnlyForDeploymentPostprocessing = 0;
		};
		7637F3FA2316D4EE00D8B5F1 /* Resources */ = {
			isa = PBXResourcesBuildPhase;
			buildActionMask = 2147483647;
			files = (
			);
			runOnlyForDeploymentPostprocessing = 0;
		};
		7637F4052316D4EE00D8B5F1 /* Resources */ = {
			isa = PBXResourcesBuildPhase;
			buildActionMask = 2147483647;
			files = (
			);
			runOnlyForDeploymentPostprocessing = 0;
		};
		76A5908D236DD1D2002987FB /* Resources */ = {
			isa = PBXResourcesBuildPhase;
			buildActionMask = 2147483647;
			files = (
				76A59095236DD1D2002987FB /* MainInterface.storyboard in Resources */,
			);
			runOnlyForDeploymentPostprocessing = 0;
		};
/* End PBXResourcesBuildPhase section */

/* Begin PBXShellScriptBuildPhase section */
		1638896AEF60193128A874EE /* [CP] Check Pods Manifest.lock */ = {
			isa = PBXShellScriptBuildPhase;
			buildActionMask = 2147483647;
			files = (
			);
			inputFileListPaths = (
			);
			inputPaths = (
				"${PODS_PODFILE_DIR_PATH}/Podfile.lock",
				"${PODS_ROOT}/Manifest.lock",
			);
			name = "[CP] Check Pods Manifest.lock";
			outputFileListPaths = (
			);
			outputPaths = (
				"$(DERIVED_FILE_DIR)/Pods-ElectrostaticForceMethod-checkManifestLockResult.txt",
			);
			runOnlyForDeploymentPostprocessing = 0;
			shellPath = /bin/sh;
			shellScript = "diff \"${PODS_PODFILE_DIR_PATH}/Podfile.lock\" \"${PODS_ROOT}/Manifest.lock\" > /dev/null\nif [ $? != 0 ] ; then\n    # print error to STDERR\n    echo \"error: The sandbox is not in sync with the Podfile.lock. Run 'pod install' or update your CocoaPods installation.\" >&2\n    exit 1\nfi\n# This output is used by Xcode 'outputs' to avoid re-running this script phase.\necho \"SUCCESS\" > \"${SCRIPT_OUTPUT_FILE_0}\"\n";
			showEnvVarsInLog = 0;
		};
		9731380C805C0D34612CAB98 /* [CP] Embed Pods Frameworks */ = {
			isa = PBXShellScriptBuildPhase;
			buildActionMask = 2147483647;
			files = (
			);
			inputFileListPaths = (
				"${PODS_ROOT}/Target Support Files/Pods-ElectrostaticForceMethodTests/Pods-ElectrostaticForceMethodTests-frameworks-${CONFIGURATION}-input-files.xcfilelist",
			);
			name = "[CP] Embed Pods Frameworks";
			outputFileListPaths = (
				"${PODS_ROOT}/Target Support Files/Pods-ElectrostaticForceMethodTests/Pods-ElectrostaticForceMethodTests-frameworks-${CONFIGURATION}-output-files.xcfilelist",
			);
			runOnlyForDeploymentPostprocessing = 0;
			shellPath = /bin/sh;
			shellScript = "\"${PODS_ROOT}/Target Support Files/Pods-ElectrostaticForceMethodTests/Pods-ElectrostaticForceMethodTests-frameworks.sh\"\n";
			showEnvVarsInLog = 0;
		};
		BCA6B88C72BE40663F26B3AC /* [CP] Embed Pods Frameworks */ = {
			isa = PBXShellScriptBuildPhase;
			buildActionMask = 2147483647;
			files = (
			);
			inputFileListPaths = (
				"${PODS_ROOT}/Target Support Files/Pods-ElectrostaticForceMethod/Pods-ElectrostaticForceMethod-frameworks-${CONFIGURATION}-input-files.xcfilelist",
			);
			name = "[CP] Embed Pods Frameworks";
			outputFileListPaths = (
				"${PODS_ROOT}/Target Support Files/Pods-ElectrostaticForceMethod/Pods-ElectrostaticForceMethod-frameworks-${CONFIGURATION}-output-files.xcfilelist",
			);
			runOnlyForDeploymentPostprocessing = 0;
			shellPath = /bin/sh;
			shellScript = "\"${PODS_ROOT}/Target Support Files/Pods-ElectrostaticForceMethod/Pods-ElectrostaticForceMethod-frameworks.sh\"\n";
			showEnvVarsInLog = 0;
		};
		E7FF72D460BB36B4F590267D /* [CP] Check Pods Manifest.lock */ = {
			isa = PBXShellScriptBuildPhase;
			buildActionMask = 2147483647;
			files = (
			);
			inputFileListPaths = (
			);
			inputPaths = (
				"${PODS_PODFILE_DIR_PATH}/Podfile.lock",
				"${PODS_ROOT}/Manifest.lock",
			);
			name = "[CP] Check Pods Manifest.lock";
			outputFileListPaths = (
			);
			outputPaths = (
				"$(DERIVED_FILE_DIR)/Pods-ElectrostaticForceMethodTests-checkManifestLockResult.txt",
			);
			runOnlyForDeploymentPostprocessing = 0;
			shellPath = /bin/sh;
			shellScript = "diff \"${PODS_PODFILE_DIR_PATH}/Podfile.lock\" \"${PODS_ROOT}/Manifest.lock\" > /dev/null\nif [ $? != 0 ] ; then\n    # print error to STDERR\n    echo \"error: The sandbox is not in sync with the Podfile.lock. Run 'pod install' or update your CocoaPods installation.\" >&2\n    exit 1\nfi\n# This output is used by Xcode 'outputs' to avoid re-running this script phase.\necho \"SUCCESS\" > \"${SCRIPT_OUTPUT_FILE_0}\"\n";
			showEnvVarsInLog = 0;
		};
		E9BD34F21519571093F382FF /* [CP] Check Pods Manifest.lock */ = {
			isa = PBXShellScriptBuildPhase;
			buildActionMask = 2147483647;
			files = (
			);
			inputFileListPaths = (
			);
			inputPaths = (
				"${PODS_PODFILE_DIR_PATH}/Podfile.lock",
				"${PODS_ROOT}/Manifest.lock",
			);
			name = "[CP] Check Pods Manifest.lock";
			outputFileListPaths = (
			);
			outputPaths = (
				"$(DERIVED_FILE_DIR)/Pods-ElectrostaticForceMethod-ElectrostaticForceMethodUITests-checkManifestLockResult.txt",
			);
			runOnlyForDeploymentPostprocessing = 0;
			shellPath = /bin/sh;
			shellScript = "diff \"${PODS_PODFILE_DIR_PATH}/Podfile.lock\" \"${PODS_ROOT}/Manifest.lock\" > /dev/null\nif [ $? != 0 ] ; then\n    # print error to STDERR\n    echo \"error: The sandbox is not in sync with the Podfile.lock. Run 'pod install' or update your CocoaPods installation.\" >&2\n    exit 1\nfi\n# This output is used by Xcode 'outputs' to avoid re-running this script phase.\necho \"SUCCESS\" > \"${SCRIPT_OUTPUT_FILE_0}\"\n";
			showEnvVarsInLog = 0;
		};
		FCA06E043DD252353B27D9F8 /* [CP] Embed Pods Frameworks */ = {
			isa = PBXShellScriptBuildPhase;
			buildActionMask = 2147483647;
			files = (
			);
			inputFileListPaths = (
				"${PODS_ROOT}/Target Support Files/Pods-ElectrostaticForceMethod-ElectrostaticForceMethodUITests/Pods-ElectrostaticForceMethod-ElectrostaticForceMethodUITests-frameworks-${CONFIGURATION}-input-files.xcfilelist",
			);
			name = "[CP] Embed Pods Frameworks";
			outputFileListPaths = (
				"${PODS_ROOT}/Target Support Files/Pods-ElectrostaticForceMethod-ElectrostaticForceMethodUITests/Pods-ElectrostaticForceMethod-ElectrostaticForceMethodUITests-frameworks-${CONFIGURATION}-output-files.xcfilelist",
			);
			runOnlyForDeploymentPostprocessing = 0;
			shellPath = /bin/sh;
			shellScript = "\"${PODS_ROOT}/Target Support Files/Pods-ElectrostaticForceMethod-ElectrostaticForceMethodUITests/Pods-ElectrostaticForceMethod-ElectrostaticForceMethodUITests-frameworks.sh\"\n";
			showEnvVarsInLog = 0;
		};
/* End PBXShellScriptBuildPhase section */

/* Begin PBXSourcesBuildPhase section */
		7637F3DE2316D4E800D8B5F1 /* Sources */ = {
			isa = PBXSourcesBuildPhase;
			buildActionMask = 2147483647;
			files = (
				7637F3EC2316D4E800D8B5F1 /* GameScene.swift in Sources */,
				76A51BDB23869ABA00451114 /* AllegroParser.swift in Sources */,
				761610E8238572E100F84ECC /* EfmCalculator.swift in Sources */,
				765A373C23195112006A9C94 /* Logger.swift in Sources */,
				7637F42C231AC27400D8B5F1 /* GridViewModel.swift in Sources */,
				763624052386DC7D00A9C609 /* CsvParser.swift in Sources */,
				761610EA238572F600F84ECC /* EfmCalculatorViewModel.swift in Sources */,
				76A59088236C8EFD002987FB /* CGPoint+Extension.swift in Sources */,
				76A51BDD23869DF500451114 /* DataParser.swift in Sources */,
				76EB3412235731EC0008CAF2 /* FeedbackViewModel.swift in Sources */,
				76EF74A1235C517F008FBA75 /* TestCharge.swift in Sources */,
				7637F3EE2316D4E800D8B5F1 /* GameViewController.swift in Sources */,
				76A5908623688529002987FB /* MenuViewModel.swift in Sources */,
				765A373523192770006A9C94 /* Feedback.swift in Sources */,
				76AD525F2359C68C00558B89 /* Categories.swift in Sources */,
				7637F3E62316D4E800D8B5F1 /* AppDelegate.swift in Sources */,
				76EB3414235731F80008CAF2 /* Constants.swift in Sources */,
			);
			runOnlyForDeploymentPostprocessing = 0;
		};
		7637F3F82316D4EE00D8B5F1 /* Sources */ = {
			isa = PBXSourcesBuildPhase;
			buildActionMask = 2147483647;
			files = (
				769064422389C1C10088669A /* EfmPhysicsTests.swift in Sources */,
				7637F4012316D4EE00D8B5F1 /* ElectrostaticForceMethodTests.swift in Sources */,
			);
			runOnlyForDeploymentPostprocessing = 0;
		};
		7637F4032316D4EE00D8B5F1 /* Sources */ = {
			isa = PBXSourcesBuildPhase;
			buildActionMask = 2147483647;
			files = (
				7637F40C2316D4EE00D8B5F1 /* ElectrostaticForceMethodUITests.swift in Sources */,
			);
			runOnlyForDeploymentPostprocessing = 0;
		};
		76A5908B236DD1D2002987FB /* Sources */ = {
			isa = PBXSourcesBuildPhase;
			buildActionMask = 2147483647;
			files = (
				76A59092236DD1D2002987FB /* ShareViewController.swift in Sources */,
			);
			runOnlyForDeploymentPostprocessing = 0;
		};
/* End PBXSourcesBuildPhase section */

/* Begin PBXTargetDependency section */
		7637F3FE2316D4EE00D8B5F1 /* PBXTargetDependency */ = {
			isa = PBXTargetDependency;
			target = 7637F3E12316D4E800D8B5F1 /* ElectrostaticForceMethod */;
			targetProxy = 7637F3FD2316D4EE00D8B5F1 /* PBXContainerItemProxy */;
		};
		7637F4092316D4EE00D8B5F1 /* PBXTargetDependency */ = {
			isa = PBXTargetDependency;
			target = 7637F3E12316D4E800D8B5F1 /* ElectrostaticForceMethod */;
			targetProxy = 7637F4082316D4EE00D8B5F1 /* PBXContainerItemProxy */;
		};
		76A59098236DD1D2002987FB /* PBXTargetDependency */ = {
			isa = PBXTargetDependency;
			target = 76A5908E236DD1D2002987FB /* EFMShareExtension */;
			targetProxy = 76A59097236DD1D2002987FB /* PBXContainerItemProxy */;
		};
/* End PBXTargetDependency section */

/* Begin PBXVariantGroup section */
		7637F3EF2316D4E800D8B5F1 /* Main.storyboard */ = {
			isa = PBXVariantGroup;
			children = (
				7637F3F02316D4E800D8B5F1 /* Base */,
			);
			name = Main.storyboard;
			sourceTree = "<group>";
		};
		7637F3F42316D4EE00D8B5F1 /* LaunchScreen.storyboard */ = {
			isa = PBXVariantGroup;
			children = (
				7637F3F52316D4EE00D8B5F1 /* Base */,
			);
			name = LaunchScreen.storyboard;
			sourceTree = "<group>";
		};
		76A59093236DD1D2002987FB /* MainInterface.storyboard */ = {
			isa = PBXVariantGroup;
			children = (
				76A59094236DD1D2002987FB /* Base */,
			);
			name = MainInterface.storyboard;
			sourceTree = "<group>";
		};
/* End PBXVariantGroup section */

/* Begin XCBuildConfiguration section */
		7637F40E2316D4EE00D8B5F1 /* Debug */ = {
			isa = XCBuildConfiguration;
			buildSettings = {
				ALWAYS_SEARCH_USER_PATHS = NO;
				CLANG_ANALYZER_NONNULL = YES;
				CLANG_ANALYZER_NUMBER_OBJECT_CONVERSION = YES_AGGRESSIVE;
				CLANG_CXX_LANGUAGE_STANDARD = "gnu++14";
				CLANG_CXX_LIBRARY = "libc++";
				CLANG_ENABLE_MODULES = YES;
				CLANG_ENABLE_OBJC_ARC = YES;
				CLANG_ENABLE_OBJC_WEAK = YES;
				CLANG_WARN_BLOCK_CAPTURE_AUTORELEASING = YES;
				CLANG_WARN_BOOL_CONVERSION = YES;
				CLANG_WARN_COMMA = YES;
				CLANG_WARN_CONSTANT_CONVERSION = YES;
				CLANG_WARN_DEPRECATED_OBJC_IMPLEMENTATIONS = YES;
				CLANG_WARN_DIRECT_OBJC_ISA_USAGE = YES_ERROR;
				CLANG_WARN_DOCUMENTATION_COMMENTS = YES;
				CLANG_WARN_EMPTY_BODY = YES;
				CLANG_WARN_ENUM_CONVERSION = YES;
				CLANG_WARN_INFINITE_RECURSION = YES;
				CLANG_WARN_INT_CONVERSION = YES;
				CLANG_WARN_NON_LITERAL_NULL_CONVERSION = YES;
				CLANG_WARN_OBJC_IMPLICIT_RETAIN_SELF = YES;
				CLANG_WARN_OBJC_LITERAL_CONVERSION = YES;
				CLANG_WARN_OBJC_ROOT_CLASS = YES_ERROR;
				CLANG_WARN_RANGE_LOOP_ANALYSIS = YES;
				CLANG_WARN_STRICT_PROTOTYPES = YES;
				CLANG_WARN_SUSPICIOUS_MOVE = YES;
				CLANG_WARN_UNGUARDED_AVAILABILITY = YES_AGGRESSIVE;
				CLANG_WARN_UNREACHABLE_CODE = YES;
				CLANG_WARN__DUPLICATE_METHOD_MATCH = YES;
				CODE_SIGN_IDENTITY = "iPhone Developer";
				COPY_PHASE_STRIP = NO;
				DEBUG_INFORMATION_FORMAT = dwarf;
				ENABLE_STRICT_OBJC_MSGSEND = YES;
				ENABLE_TESTABILITY = YES;
				GCC_C_LANGUAGE_STANDARD = gnu11;
				GCC_DYNAMIC_NO_PIC = NO;
				GCC_NO_COMMON_BLOCKS = YES;
				GCC_OPTIMIZATION_LEVEL = 0;
				GCC_PREPROCESSOR_DEFINITIONS = (
					"DEBUG=1",
					"$(inherited)",
				);
				GCC_WARN_64_TO_32_BIT_CONVERSION = YES;
				GCC_WARN_ABOUT_RETURN_TYPE = YES_ERROR;
				GCC_WARN_UNDECLARED_SELECTOR = YES;
				GCC_WARN_UNINITIALIZED_AUTOS = YES_AGGRESSIVE;
				GCC_WARN_UNUSED_FUNCTION = YES;
				GCC_WARN_UNUSED_VARIABLE = YES;
				IPHONEOS_DEPLOYMENT_TARGET = 12.2;
				MTL_ENABLE_DEBUG_INFO = INCLUDE_SOURCE;
				MTL_FAST_MATH = YES;
				ONLY_ACTIVE_ARCH = YES;
				SDKROOT = iphoneos;
				SWIFT_ACTIVE_COMPILATION_CONDITIONS = DEBUG;
				SWIFT_OPTIMIZATION_LEVEL = "-Onone";
			};
			name = Debug;
		};
		7637F40F2316D4EE00D8B5F1 /* Release */ = {
			isa = XCBuildConfiguration;
			buildSettings = {
				ALWAYS_SEARCH_USER_PATHS = NO;
				CLANG_ANALYZER_NONNULL = YES;
				CLANG_ANALYZER_NUMBER_OBJECT_CONVERSION = YES_AGGRESSIVE;
				CLANG_CXX_LANGUAGE_STANDARD = "gnu++14";
				CLANG_CXX_LIBRARY = "libc++";
				CLANG_ENABLE_MODULES = YES;
				CLANG_ENABLE_OBJC_ARC = YES;
				CLANG_ENABLE_OBJC_WEAK = YES;
				CLANG_WARN_BLOCK_CAPTURE_AUTORELEASING = YES;
				CLANG_WARN_BOOL_CONVERSION = YES;
				CLANG_WARN_COMMA = YES;
				CLANG_WARN_CONSTANT_CONVERSION = YES;
				CLANG_WARN_DEPRECATED_OBJC_IMPLEMENTATIONS = YES;
				CLANG_WARN_DIRECT_OBJC_ISA_USAGE = YES_ERROR;
				CLANG_WARN_DOCUMENTATION_COMMENTS = YES;
				CLANG_WARN_EMPTY_BODY = YES;
				CLANG_WARN_ENUM_CONVERSION = YES;
				CLANG_WARN_INFINITE_RECURSION = YES;
				CLANG_WARN_INT_CONVERSION = YES;
				CLANG_WARN_NON_LITERAL_NULL_CONVERSION = YES;
				CLANG_WARN_OBJC_IMPLICIT_RETAIN_SELF = YES;
				CLANG_WARN_OBJC_LITERAL_CONVERSION = YES;
				CLANG_WARN_OBJC_ROOT_CLASS = YES_ERROR;
				CLANG_WARN_RANGE_LOOP_ANALYSIS = YES;
				CLANG_WARN_STRICT_PROTOTYPES = YES;
				CLANG_WARN_SUSPICIOUS_MOVE = YES;
				CLANG_WARN_UNGUARDED_AVAILABILITY = YES_AGGRESSIVE;
				CLANG_WARN_UNREACHABLE_CODE = YES;
				CLANG_WARN__DUPLICATE_METHOD_MATCH = YES;
				CODE_SIGN_IDENTITY = "iPhone Developer";
				COPY_PHASE_STRIP = NO;
				DEBUG_INFORMATION_FORMAT = "dwarf-with-dsym";
				ENABLE_NS_ASSERTIONS = NO;
				ENABLE_STRICT_OBJC_MSGSEND = YES;
				GCC_C_LANGUAGE_STANDARD = gnu11;
				GCC_NO_COMMON_BLOCKS = YES;
				GCC_WARN_64_TO_32_BIT_CONVERSION = YES;
				GCC_WARN_ABOUT_RETURN_TYPE = YES_ERROR;
				GCC_WARN_UNDECLARED_SELECTOR = YES;
				GCC_WARN_UNINITIALIZED_AUTOS = YES_AGGRESSIVE;
				GCC_WARN_UNUSED_FUNCTION = YES;
				GCC_WARN_UNUSED_VARIABLE = YES;
				IPHONEOS_DEPLOYMENT_TARGET = 12.2;
				MTL_ENABLE_DEBUG_INFO = NO;
				MTL_FAST_MATH = YES;
				SDKROOT = iphoneos;
				SWIFT_COMPILATION_MODE = wholemodule;
				SWIFT_OPTIMIZATION_LEVEL = "-O";
				VALIDATE_PRODUCT = YES;
			};
			name = Release;
		};
		7637F4112316D4EE00D8B5F1 /* Debug */ = {
			isa = XCBuildConfiguration;
			baseConfigurationReference = BFE721D6B85C1156CE450DD2 /* Pods-ElectrostaticForceMethod.debug.xcconfig */;
			buildSettings = {
				ALWAYS_EMBED_SWIFT_STANDARD_LIBRARIES = YES;
				ASSETCATALOG_COMPILER_APPICON_NAME = AppIcon;
				CODE_SIGN_ENTITLEMENTS = ElectrostaticForceMethod/ElectrostaticForceMethod.entitlements;
				CODE_SIGN_STYLE = Automatic;
				DERIVE_MACCATALYST_PRODUCT_BUNDLE_IDENTIFIER = YES;
				DEVELOPMENT_TEAM = UVJCW2277W;
				INFOPLIST_FILE = ElectrostaticForceMethod/Info.plist;
				LD_RUNPATH_SEARCH_PATHS = (
					"$(inherited)",
					"@executable_path/Frameworks",
				);
				PRODUCT_BUNDLE_IDENTIFIER = pl.edu.leszczynski.ElectrostaticForceMethod;
				PRODUCT_NAME = "$(TARGET_NAME)";
				SUPPORTS_MACCATALYST = YES;
				SWIFT_VERSION = 5.0;
				TARGETED_DEVICE_FAMILY = "1,2";
			};
			name = Debug;
		};
		7637F4122316D4EE00D8B5F1 /* Release */ = {
			isa = XCBuildConfiguration;
			baseConfigurationReference = 43E78ECA9DCD0CB8BC7BDC13 /* Pods-ElectrostaticForceMethod.release.xcconfig */;
			buildSettings = {
				ALWAYS_EMBED_SWIFT_STANDARD_LIBRARIES = YES;
				ASSETCATALOG_COMPILER_APPICON_NAME = AppIcon;
				CODE_SIGN_ENTITLEMENTS = ElectrostaticForceMethod/ElectrostaticForceMethod.entitlements;
				CODE_SIGN_STYLE = Automatic;
				DERIVE_MACCATALYST_PRODUCT_BUNDLE_IDENTIFIER = YES;
				DEVELOPMENT_TEAM = UVJCW2277W;
				INFOPLIST_FILE = ElectrostaticForceMethod/Info.plist;
				LD_RUNPATH_SEARCH_PATHS = (
					"$(inherited)",
					"@executable_path/Frameworks",
				);
				PRODUCT_BUNDLE_IDENTIFIER = pl.edu.leszczynski.ElectrostaticForceMethod;
				PRODUCT_NAME = "$(TARGET_NAME)";
				SUPPORTS_MACCATALYST = YES;
				SWIFT_VERSION = 5.0;
				TARGETED_DEVICE_FAMILY = "1,2";
			};
			name = Release;
		};
		7637F4142316D4EE00D8B5F1 /* Debug */ = {
			isa = XCBuildConfiguration;
			baseConfigurationReference = 8BD5068E3D13DE7972A0C21E /* Pods-ElectrostaticForceMethodTests.debug.xcconfig */;
			buildSettings = {
				ALWAYS_EMBED_SWIFT_STANDARD_LIBRARIES = YES;
				BUNDLE_LOADER = "$(TEST_HOST)";
				CODE_SIGN_STYLE = Automatic;
				DEVELOPMENT_TEAM = UVJCW2277W;
				INFOPLIST_FILE = ElectrostaticForceMethodTests/Info.plist;
				LD_RUNPATH_SEARCH_PATHS = (
					"$(inherited)",
					"@executable_path/Frameworks",
					"@loader_path/Frameworks",
				);
				PRODUCT_BUNDLE_IDENTIFIER = pl.edu.leszczynski.ElectrostaticForceMethodTests;
				PRODUCT_NAME = "$(TARGET_NAME)";
				SWIFT_VERSION = 5.0;
				TARGETED_DEVICE_FAMILY = "1,2";
				TEST_HOST = "$(BUILT_PRODUCTS_DIR)/ElectrostaticForceMethod.app/ElectrostaticForceMethod";
			};
			name = Debug;
		};
		7637F4152316D4EE00D8B5F1 /* Release */ = {
			isa = XCBuildConfiguration;
			baseConfigurationReference = EDF08809B9E4804D0AC0F87D /* Pods-ElectrostaticForceMethodTests.release.xcconfig */;
			buildSettings = {
				ALWAYS_EMBED_SWIFT_STANDARD_LIBRARIES = YES;
				BUNDLE_LOADER = "$(TEST_HOST)";
				CODE_SIGN_STYLE = Automatic;
				DEVELOPMENT_TEAM = UVJCW2277W;
				INFOPLIST_FILE = ElectrostaticForceMethodTests/Info.plist;
				LD_RUNPATH_SEARCH_PATHS = (
					"$(inherited)",
					"@executable_path/Frameworks",
					"@loader_path/Frameworks",
				);
				PRODUCT_BUNDLE_IDENTIFIER = pl.edu.leszczynski.ElectrostaticForceMethodTests;
				PRODUCT_NAME = "$(TARGET_NAME)";
				SWIFT_VERSION = 5.0;
				TARGETED_DEVICE_FAMILY = "1,2";
				TEST_HOST = "$(BUILT_PRODUCTS_DIR)/ElectrostaticForceMethod.app/ElectrostaticForceMethod";
			};
			name = Release;
		};
		7637F4172316D4EE00D8B5F1 /* Debug */ = {
			isa = XCBuildConfiguration;
			baseConfigurationReference = 9B6B4C55D1E5D4E57321FF68 /* Pods-ElectrostaticForceMethod-ElectrostaticForceMethodUITests.debug.xcconfig */;
			buildSettings = {
				ALWAYS_EMBED_SWIFT_STANDARD_LIBRARIES = YES;
				CODE_SIGN_STYLE = Automatic;
				DEVELOPMENT_TEAM = UVJCW2277W;
				INFOPLIST_FILE = ElectrostaticForceMethodUITests/Info.plist;
				LD_RUNPATH_SEARCH_PATHS = (
					"$(inherited)",
					"@executable_path/Frameworks",
					"@loader_path/Frameworks",
				);
				PRODUCT_BUNDLE_IDENTIFIER = pl.edu.leszczynski.ElectrostaticForceMethodUITests;
				PRODUCT_NAME = "$(TARGET_NAME)";
				SWIFT_VERSION = 5.0;
				TARGETED_DEVICE_FAMILY = "1,2";
				TEST_TARGET_NAME = ElectrostaticForceMethod;
			};
			name = Debug;
		};
		7637F4182316D4EE00D8B5F1 /* Release */ = {
			isa = XCBuildConfiguration;
			baseConfigurationReference = 0F086042CDDC84498796494D /* Pods-ElectrostaticForceMethod-ElectrostaticForceMethodUITests.release.xcconfig */;
			buildSettings = {
				ALWAYS_EMBED_SWIFT_STANDARD_LIBRARIES = YES;
				CODE_SIGN_STYLE = Automatic;
				DEVELOPMENT_TEAM = UVJCW2277W;
				INFOPLIST_FILE = ElectrostaticForceMethodUITests/Info.plist;
				LD_RUNPATH_SEARCH_PATHS = (
					"$(inherited)",
					"@executable_path/Frameworks",
					"@loader_path/Frameworks",
				);
				PRODUCT_BUNDLE_IDENTIFIER = pl.edu.leszczynski.ElectrostaticForceMethodUITests;
				PRODUCT_NAME = "$(TARGET_NAME)";
				SWIFT_VERSION = 5.0;
				TARGETED_DEVICE_FAMILY = "1,2";
				TEST_TARGET_NAME = ElectrostaticForceMethod;
			};
			name = Release;
		};
		76A5909B236DD1D2002987FB /* Debug */ = {
			isa = XCBuildConfiguration;
			buildSettings = {
				CODE_SIGN_ENTITLEMENTS = EFMShareExtension/EFMShareExtension.entitlements;
				CODE_SIGN_STYLE = Automatic;
				DERIVE_MACCATALYST_PRODUCT_BUNDLE_IDENTIFIER = YES;
				DEVELOPMENT_TEAM = UVJCW2277W;
				INFOPLIST_FILE = EFMShareExtension/Info.plist;
				IPHONEOS_DEPLOYMENT_TARGET = 13.1;
				LD_RUNPATH_SEARCH_PATHS = (
					"$(inherited)",
					"@executable_path/Frameworks",
					"@executable_path/../../Frameworks",
				);
				PRODUCT_BUNDLE_IDENTIFIER = pl.edu.leszczynski.ElectrostaticForceMethod.EFMShareExtension;
				PRODUCT_NAME = "$(TARGET_NAME)";
				SKIP_INSTALL = YES;
				SUPPORTS_MACCATALYST = YES;
				SWIFT_VERSION = 5.0;
				TARGETED_DEVICE_FAMILY = "1,2";
			};
			name = Debug;
		};
		76A5909C236DD1D2002987FB /* Release */ = {
			isa = XCBuildConfiguration;
			buildSettings = {
				CODE_SIGN_ENTITLEMENTS = EFMShareExtension/EFMShareExtension.entitlements;
				CODE_SIGN_STYLE = Automatic;
				DERIVE_MACCATALYST_PRODUCT_BUNDLE_IDENTIFIER = YES;
				DEVELOPMENT_TEAM = UVJCW2277W;
				INFOPLIST_FILE = EFMShareExtension/Info.plist;
				IPHONEOS_DEPLOYMENT_TARGET = 13.1;
				LD_RUNPATH_SEARCH_PATHS = (
					"$(inherited)",
					"@executable_path/Frameworks",
					"@executable_path/../../Frameworks",
				);
				PRODUCT_BUNDLE_IDENTIFIER = pl.edu.leszczynski.ElectrostaticForceMethod.EFMShareExtension;
				PRODUCT_NAME = "$(TARGET_NAME)";
				SKIP_INSTALL = YES;
				SUPPORTS_MACCATALYST = YES;
				SWIFT_VERSION = 5.0;
				TARGETED_DEVICE_FAMILY = "1,2";
			};
			name = Release;
		};
/* End XCBuildConfiguration section */

/* Begin XCConfigurationList section */
		7637F3DD2316D4E800D8B5F1 /* Build configuration list for PBXProject "ElectrostaticForceMethod" */ = {
			isa = XCConfigurationList;
			buildConfigurations = (
				7637F40E2316D4EE00D8B5F1 /* Debug */,
				7637F40F2316D4EE00D8B5F1 /* Release */,
			);
			defaultConfigurationIsVisible = 0;
			defaultConfigurationName = Release;
		};
		7637F4102316D4EE00D8B5F1 /* Build configuration list for PBXNativeTarget "ElectrostaticForceMethod" */ = {
			isa = XCConfigurationList;
			buildConfigurations = (
				7637F4112316D4EE00D8B5F1 /* Debug */,
				7637F4122316D4EE00D8B5F1 /* Release */,
			);
			defaultConfigurationIsVisible = 0;
			defaultConfigurationName = Release;
		};
		7637F4132316D4EE00D8B5F1 /* Build configuration list for PBXNativeTarget "ElectrostaticForceMethodTests" */ = {
			isa = XCConfigurationList;
			buildConfigurations = (
				7637F4142316D4EE00D8B5F1 /* Debug */,
				7637F4152316D4EE00D8B5F1 /* Release */,
			);
			defaultConfigurationIsVisible = 0;
			defaultConfigurationName = Release;
		};
		7637F4162316D4EE00D8B5F1 /* Build configuration list for PBXNativeTarget "ElectrostaticForceMethodUITests" */ = {
			isa = XCConfigurationList;
			buildConfigurations = (
				7637F4172316D4EE00D8B5F1 /* Debug */,
				7637F4182316D4EE00D8B5F1 /* Release */,
			);
			defaultConfigurationIsVisible = 0;
			defaultConfigurationName = Release;
		};
		76A5909D236DD1D2002987FB /* Build configuration list for PBXNativeTarget "EFMShareExtension" */ = {
			isa = XCConfigurationList;
			buildConfigurations = (
				76A5909B236DD1D2002987FB /* Debug */,
				76A5909C236DD1D2002987FB /* Release */,
			);
			defaultConfigurationIsVisible = 0;
			defaultConfigurationName = Release;
		};
/* End XCConfigurationList section */
	};
	rootObject = 7637F3DA2316D4E800D8B5F1 /* Project object */;
}
